// !$*UTF8*$!
{
	archiveVersion = 1;
	classes = {
	};
	objectVersion = 55;
	objects = {

/* Begin PBXBuildFile section */
		106A40C6275E25FB00DB4D8F /* JaimeViewModel.swift in Sources */ = {isa = PBXBuildFile; fileRef = 106A40C5275E25FB00DB4D8F /* JaimeViewModel.swift */; };
		106A40C8275E266C00DB4D8F /* Jaime.swift in Sources */ = {isa = PBXBuildFile; fileRef = 106A40C7275E266C00DB4D8F /* Jaime.swift */; };
		109A3AFC2767CED7009868A6 /* CommentairesView.swift in Sources */ = {isa = PBXBuildFile; fileRef = 109A3AFB2767CED7009868A6 /* CommentairesView.swift */; };
		109A3AFE2767D760009868A6 /* DateUtils.swift in Sources */ = {isa = PBXBuildFile; fileRef = 109A3AFD2767D760009868A6 /* DateUtils.swift */; };
		10CA8A2C276772BD000DA6A8 /* video.mp4 in Resources */ = {isa = PBXBuildFile; fileRef = 10CA8A2B276772BD000DA6A8 /* video.mp4 */; };
		10DC5754275F115E00D00B77 /* ImageLoader.swift in Sources */ = {isa = PBXBuildFile; fileRef = 10DC5753275F115E00D00B77 /* ImageLoader.swift */; };
		431677C5273920FD0062EA9D /* AppDelegate.swift in Sources */ = {isa = PBXBuildFile; fileRef = 431677C4273920FD0062EA9D /* AppDelegate.swift */; };
		431677C7273920FD0062EA9D /* SceneDelegate.swift in Sources */ = {isa = PBXBuildFile; fileRef = 431677C6273920FD0062EA9D /* SceneDelegate.swift */; };
		431677C9273920FD0062EA9D /* MessagerieView.swift in Sources */ = {isa = PBXBuildFile; fileRef = 431677C8273920FD0062EA9D /* MessagerieView.swift */; };
		431677CC273920FD0062EA9D /* Main.storyboard in Resources */ = {isa = PBXBuildFile; fileRef = 431677CA273920FD0062EA9D /* Main.storyboard */; };
		431677CF273920FD0062EA9D /* Chicky.xcdatamodeld in Sources */ = {isa = PBXBuildFile; fileRef = 431677CD273920FD0062EA9D /* Chicky.xcdatamodeld */; };
		431677D1273920FE0062EA9D /* Assets.xcassets in Resources */ = {isa = PBXBuildFile; fileRef = 431677D0273920FE0062EA9D /* Assets.xcassets */; };
		431677DF273920FE0062EA9D /* ChickyTests.swift in Sources */ = {isa = PBXBuildFile; fileRef = 431677DE273920FE0062EA9D /* ChickyTests.swift */; };
		431677E9273920FE0062EA9D /* ChickyUITests.swift in Sources */ = {isa = PBXBuildFile; fileRef = 431677E8273920FE0062EA9D /* ChickyUITests.swift */; };
		431677EB273920FE0062EA9D /* ChickyUITestsLaunchTests.swift in Sources */ = {isa = PBXBuildFile; fileRef = 431677EA273920FE0062EA9D /* ChickyUITestsLaunchTests.swift */; };
		8D214992276366D1007CD4D0 /* MapKit.framework in Frameworks */ = {isa = PBXBuildFile; fileRef = 8D214991276366D1007CD4D0 /* MapKit.framework */; };
		8D52EE4A2756178500DC7028 /* VerifAccountView.swift in Sources */ = {isa = PBXBuildFile; fileRef = 8D52EE492756178500DC7028 /* VerifAccountView.swift */; };
		8D8774F3275282DD0039CB29 /* MdpOublieView.swift in Sources */ = {isa = PBXBuildFile; fileRef = 8D8774F2275282DD0039CB29 /* MdpOublieView.swift */; };
		8D8774F5275283400039CB29 /* ConfirmationView.swift in Sources */ = {isa = PBXBuildFile; fileRef = 8D8774F4275283400039CB29 /* ConfirmationView.swift */; };
		8D8774F7275283860039CB29 /* ChangerMdpView.swift in Sources */ = {isa = PBXBuildFile; fileRef = 8D8774F6275283860039CB29 /* ChangerMdpView.swift */; };
		8D9254EF27482A9E009ACD1A /* UtilisateurViewModel.swift in Sources */ = {isa = PBXBuildFile; fileRef = 8D9254EE27482A9E009ACD1A /* UtilisateurViewModel.swift */; };
		8D9254F127482EF1009ACD1A /* Constantes.swift in Sources */ = {isa = PBXBuildFile; fileRef = 8D9254F027482EF1009ACD1A /* Constantes.swift */; };
		8D9254F3274854AF009ACD1A /* LoadingScreen.swift in Sources */ = {isa = PBXBuildFile; fileRef = 8D9254F2274854AF009ACD1A /* LoadingScreen.swift */; };
		8D9EDC2E27515B950003F1A1 /* CheckBox.swift in Sources */ = {isa = PBXBuildFile; fileRef = 8D9EDC2D27515B950003F1A1 /* CheckBox.swift */; };
		8D9EDC30275169940003F1A1 /* Launch Screen.storyboard in Resources */ = {isa = PBXBuildFile; fileRef = 8D9EDC2F275169940003F1A1 /* Launch Screen.storyboard */; };
		8DD36B9B274C779700EEFE79 /* ModifierProfilView.swift in Sources */ = {isa = PBXBuildFile; fileRef = 8DD36B9A274C779700EEFE79 /* ModifierProfilView.swift */; };
		8DD51270274C12CB006A4434 /* InscriptionSuivantView.swift in Sources */ = {isa = PBXBuildFile; fileRef = 8DD5126F274C12CB006A4434 /* InscriptionSuivantView.swift */; };
		8DF2C891274FC20F00900B6F /* Alert.swift in Sources */ = {isa = PBXBuildFile; fileRef = 8DF2C890274FC20F00900B6F /* Alert.swift */; };
		8DF2C893274FED0000900B6F /* PublicationViewModel.swift in Sources */ = {isa = PBXBuildFile; fileRef = 8DF2C892274FED0000900B6F /* PublicationViewModel.swift */; };
		8DF504FD2760FA2300832E37 /* PinAnnotation.swift in Sources */ = {isa = PBXBuildFile; fileRef = 8DF504FC2760FA2300832E37 /* PinAnnotation.swift */; };
		8DF504FF276113B800832E37 /* CategorieViewController.swift in Sources */ = {isa = PBXBuildFile; fileRef = 8DF504FE276113B800832E37 /* CategorieViewController.swift */; };
		8DF5050127612B6C00832E37 /* LocationManager.swift in Sources */ = {isa = PBXBuildFile; fileRef = 8DF5050027612B6C00832E37 /* LocationManager.swift */; };
		8DFC6A712758000D00DA0175 /* CommentaireViewModel.swift in Sources */ = {isa = PBXBuildFile; fileRef = 8DFC6A702758000D00DA0175 /* CommentaireViewModel.swift */; };
		8F9D9FCC1ED99450D297DC5E /* Pods_ChickyTests.framework in Frameworks */ = {isa = PBXBuildFile; fileRef = 844441E750DD109EC9701A82 /* Pods_ChickyTests.framework */; };
		940D717B27430DB200722B97 /* ConnexionView.swift in Sources */ = {isa = PBXBuildFile; fileRef = 940D717A27430DB200722B97 /* ConnexionView.swift */; };
		940D717D27430E0200722B97 /* RechercheView.swift in Sources */ = {isa = PBXBuildFile; fileRef = 940D717C27430E0200722B97 /* RechercheView.swift */; };
		940D717F27430E3D00722B97 /* CameraView.swift in Sources */ = {isa = PBXBuildFile; fileRef = 940D717E27430E3D00722B97 /* CameraView.swift */; };
		940D718127430EA600722B97 /* SocialView.swift in Sources */ = {isa = PBXBuildFile; fileRef = 940D718027430EA600722B97 /* SocialView.swift */; };
		940D718727430F6400722B97 /* ProfilView.swift in Sources */ = {isa = PBXBuildFile; fileRef = 940D718627430F6400722B97 /* ProfilView.swift */; };
		940D718927430F8900722B97 /* MusiqueView.swift in Sources */ = {isa = PBXBuildFile; fileRef = 940D718827430F8900722B97 /* MusiqueView.swift */; };
		94C4DFB62742BC1C00993FE5 /* Utilisateur.swift in Sources */ = {isa = PBXBuildFile; fileRef = 94C4DFB52742BC1C00993FE5 /* Utilisateur.swift */; };
		94C4DFC02742C79300993FE5 /* Message.swift in Sources */ = {isa = PBXBuildFile; fileRef = 94C4DFBF2742C79300993FE5 /* Message.swift */; };
		94C4DFC22742C80900993FE5 /* Publication.swift in Sources */ = {isa = PBXBuildFile; fileRef = 94C4DFC12742C80900993FE5 /* Publication.swift */; };
		94C4DFC52742C81F00993FE5 /* Conversation.swift in Sources */ = {isa = PBXBuildFile; fileRef = 94C4DFC42742C81F00993FE5 /* Conversation.swift */; };
		94C4DFC72742C82D00993FE5 /* Commentaire.swift in Sources */ = {isa = PBXBuildFile; fileRef = 94C4DFC62742C82D00993FE5 /* Commentaire.swift */; };
		94C4DFCB2742D30A00993FE5 /* InscriptionView.swift in Sources */ = {isa = PBXBuildFile; fileRef = 94C4DFCA2742D30A00993FE5 /* InscriptionView.swift */; };
		94C4DFCE2742DA3000993FE5 /* GradientView.swift in Sources */ = {isa = PBXBuildFile; fileRef = 94C4DFCD2742DA3000993FE5 /* GradientView.swift */; };
		94C4DFD22742F64600993FE5 /* AccueilView.swift in Sources */ = {isa = PBXBuildFile; fileRef = 94C4DFD12742F64600993FE5 /* AccueilView.swift */; };
		AA66A5341C1B942C75DB0025 /* Pods_Chicky.framework in Frameworks */ = {isa = PBXBuildFile; fileRef = 934D3B0EF32BEB14149B163E /* Pods_Chicky.framework */; };
		CE00D098275194E400B0E432 /* MessageViewModel.swift in Sources */ = {isa = PBXBuildFile; fileRef = CE00D097275194E400B0E432 /* MessageViewModel.swift */; };
		CE00D09A2751981000B0E432 /* ConversationViewModel.swift in Sources */ = {isa = PBXBuildFile; fileRef = CE00D0992751981000B0E432 /* ConversationViewModel.swift */; };
		FD9F25F7A486B2A400A61EFB /* Pods_Chicky_ChickyUITests.framework in Frameworks */ = {isa = PBXBuildFile; fileRef = 69844C1A4BA56201C1B700AA /* Pods_Chicky_ChickyUITests.framework */; };
/* End PBXBuildFile section */

/* Begin PBXContainerItemProxy section */
		431677DB273920FE0062EA9D /* PBXContainerItemProxy */ = {
			isa = PBXContainerItemProxy;
			containerPortal = 431677B9273920FD0062EA9D /* Project object */;
			proxyType = 1;
			remoteGlobalIDString = 431677C0273920FD0062EA9D;
			remoteInfo = Chicky;
		};
		431677E5273920FE0062EA9D /* PBXContainerItemProxy */ = {
			isa = PBXContainerItemProxy;
			containerPortal = 431677B9273920FD0062EA9D /* Project object */;
			proxyType = 1;
			remoteGlobalIDString = 431677C0273920FD0062EA9D;
			remoteInfo = Chicky;
		};
/* End PBXContainerItemProxy section */

/* Begin PBXFileReference section */
		08543B5114949029C22825E9 /* Pods-Chicky-ChickyUITests.release.xcconfig */ = {isa = PBXFileReference; includeInIndex = 1; lastKnownFileType = text.xcconfig; name = "Pods-Chicky-ChickyUITests.release.xcconfig"; path = "Target Support Files/Pods-Chicky-ChickyUITests/Pods-Chicky-ChickyUITests.release.xcconfig"; sourceTree = "<group>"; };
		106A40C5275E25FB00DB4D8F /* JaimeViewModel.swift */ = {isa = PBXFileReference; fileEncoding = 4; lastKnownFileType = sourcecode.swift; path = JaimeViewModel.swift; sourceTree = "<group>"; };
		106A40C7275E266C00DB4D8F /* Jaime.swift */ = {isa = PBXFileReference; fileEncoding = 4; lastKnownFileType = sourcecode.swift; path = Jaime.swift; sourceTree = "<group>"; };
		109A3AFB2767CED7009868A6 /* CommentairesView.swift */ = {isa = PBXFileReference; lastKnownFileType = sourcecode.swift; path = CommentairesView.swift; sourceTree = "<group>"; };
		109A3AFD2767D760009868A6 /* DateUtils.swift */ = {isa = PBXFileReference; lastKnownFileType = sourcecode.swift; path = DateUtils.swift; sourceTree = "<group>"; };
		10CA8A2B276772BD000DA6A8 /* video.mp4 */ = {isa = PBXFileReference; lastKnownFileType = file; path = video.mp4; sourceTree = "<group>"; };
		10DC5753275F115E00D00B77 /* ImageLoader.swift */ = {isa = PBXFileReference; lastKnownFileType = sourcecode.swift; path = ImageLoader.swift; sourceTree = "<group>"; };
		187A1140A29FBE4B1715FE81 /* Pods-Chicky.release.xcconfig */ = {isa = PBXFileReference; includeInIndex = 1; lastKnownFileType = text.xcconfig; name = "Pods-Chicky.release.xcconfig"; path = "Target Support Files/Pods-Chicky/Pods-Chicky.release.xcconfig"; sourceTree = "<group>"; };
		4139DF8D8CF5BCF624B83F8D /* Pods-Chicky.debug.xcconfig */ = {isa = PBXFileReference; includeInIndex = 1; lastKnownFileType = text.xcconfig; name = "Pods-Chicky.debug.xcconfig"; path = "Target Support Files/Pods-Chicky/Pods-Chicky.debug.xcconfig"; sourceTree = "<group>"; };
		431677C1273920FD0062EA9D /* Chicky.app */ = {isa = PBXFileReference; explicitFileType = wrapper.application; includeInIndex = 0; path = Chicky.app; sourceTree = BUILT_PRODUCTS_DIR; };
		431677C4273920FD0062EA9D /* AppDelegate.swift */ = {isa = PBXFileReference; lastKnownFileType = sourcecode.swift; path = AppDelegate.swift; sourceTree = "<group>"; };
		431677C6273920FD0062EA9D /* SceneDelegate.swift */ = {isa = PBXFileReference; lastKnownFileType = sourcecode.swift; path = SceneDelegate.swift; sourceTree = "<group>"; };
		431677C8273920FD0062EA9D /* MessagerieView.swift */ = {isa = PBXFileReference; lastKnownFileType = sourcecode.swift; path = MessagerieView.swift; sourceTree = "<group>"; };
		431677CE273920FD0062EA9D /* Chicky.xcdatamodel */ = {isa = PBXFileReference; lastKnownFileType = wrapper.xcdatamodel; path = Chicky.xcdatamodel; sourceTree = "<group>"; };
		431677D0273920FE0062EA9D /* Assets.xcassets */ = {isa = PBXFileReference; lastKnownFileType = folder.assetcatalog; path = Assets.xcassets; sourceTree = "<group>"; };
		431677D5273920FE0062EA9D /* Info.plist */ = {isa = PBXFileReference; lastKnownFileType = text.plist.xml; path = Info.plist; sourceTree = "<group>"; };
		431677DA273920FE0062EA9D /* ChickyTests.xctest */ = {isa = PBXFileReference; explicitFileType = wrapper.cfbundle; includeInIndex = 0; path = ChickyTests.xctest; sourceTree = BUILT_PRODUCTS_DIR; };
		431677DE273920FE0062EA9D /* ChickyTests.swift */ = {isa = PBXFileReference; lastKnownFileType = sourcecode.swift; path = ChickyTests.swift; sourceTree = "<group>"; };
		431677E4273920FE0062EA9D /* ChickyUITests.xctest */ = {isa = PBXFileReference; explicitFileType = wrapper.cfbundle; includeInIndex = 0; path = ChickyUITests.xctest; sourceTree = BUILT_PRODUCTS_DIR; };
		431677E8273920FE0062EA9D /* ChickyUITests.swift */ = {isa = PBXFileReference; lastKnownFileType = sourcecode.swift; path = ChickyUITests.swift; sourceTree = "<group>"; };
		431677EA273920FE0062EA9D /* ChickyUITestsLaunchTests.swift */ = {isa = PBXFileReference; lastKnownFileType = sourcecode.swift; path = ChickyUITestsLaunchTests.swift; sourceTree = "<group>"; };
		69844C1A4BA56201C1B700AA /* Pods_Chicky_ChickyUITests.framework */ = {isa = PBXFileReference; explicitFileType = wrapper.framework; includeInIndex = 0; path = Pods_Chicky_ChickyUITests.framework; sourceTree = BUILT_PRODUCTS_DIR; };
		844441E750DD109EC9701A82 /* Pods_ChickyTests.framework */ = {isa = PBXFileReference; explicitFileType = wrapper.framework; includeInIndex = 0; path = Pods_ChickyTests.framework; sourceTree = BUILT_PRODUCTS_DIR; };
		8D214991276366D1007CD4D0 /* MapKit.framework */ = {isa = PBXFileReference; lastKnownFileType = wrapper.framework; name = MapKit.framework; path = System/Library/Frameworks/MapKit.framework; sourceTree = SDKROOT; };
		8D2F5F4B2767CB33007883A7 /* Base */ = {isa = PBXFileReference; lastKnownFileType = file.storyboard; name = Base; path = Base.lproj/Main.storyboard; sourceTree = "<group>"; };
		8D2F5F4D2767CB39007883A7 /* en */ = {isa = PBXFileReference; lastKnownFileType = text.plist.strings; name = en; path = en.lproj/Main.strings; sourceTree = "<group>"; };
		8D2F5F4E2767CB90007883A7 /* fr */ = {isa = PBXFileReference; lastKnownFileType = text.plist.strings; name = fr; path = fr.lproj/Main.strings; sourceTree = "<group>"; };
		8D52EE492756178500DC7028 /* VerifAccountView.swift */ = {isa = PBXFileReference; fileEncoding = 4; lastKnownFileType = sourcecode.swift; path = VerifAccountView.swift; sourceTree = "<group>"; };
		8D8774F2275282DD0039CB29 /* MdpOublieView.swift */ = {isa = PBXFileReference; lastKnownFileType = sourcecode.swift; path = MdpOublieView.swift; sourceTree = "<group>"; };
		8D8774F4275283400039CB29 /* ConfirmationView.swift */ = {isa = PBXFileReference; fileEncoding = 4; lastKnownFileType = sourcecode.swift; path = ConfirmationView.swift; sourceTree = "<group>"; };
		8D8774F6275283860039CB29 /* ChangerMdpView.swift */ = {isa = PBXFileReference; fileEncoding = 4; lastKnownFileType = sourcecode.swift; path = ChangerMdpView.swift; sourceTree = "<group>"; };
		8D9254EE27482A9E009ACD1A /* UtilisateurViewModel.swift */ = {isa = PBXFileReference; fileEncoding = 4; lastKnownFileType = sourcecode.swift; path = UtilisateurViewModel.swift; sourceTree = "<group>"; };
		8D9254F027482EF1009ACD1A /* Constantes.swift */ = {isa = PBXFileReference; lastKnownFileType = sourcecode.swift; path = Constantes.swift; sourceTree = "<group>"; };
		8D9254F2274854AF009ACD1A /* LoadingScreen.swift */ = {isa = PBXFileReference; lastKnownFileType = sourcecode.swift; path = LoadingScreen.swift; sourceTree = "<group>"; };
		8D9EDC2D27515B950003F1A1 /* CheckBox.swift */ = {isa = PBXFileReference; lastKnownFileType = sourcecode.swift; path = CheckBox.swift; sourceTree = "<group>"; };
		8D9EDC2F275169940003F1A1 /* Launch Screen.storyboard */ = {isa = PBXFileReference; lastKnownFileType = file.storyboard; path = "Launch Screen.storyboard"; sourceTree = "<group>"; };
		8DD36B9A274C779700EEFE79 /* ModifierProfilView.swift */ = {isa = PBXFileReference; fileEncoding = 4; lastKnownFileType = sourcecode.swift; path = ModifierProfilView.swift; sourceTree = "<group>"; };
		8DD5126F274C12CB006A4434 /* InscriptionSuivantView.swift */ = {isa = PBXFileReference; lastKnownFileType = sourcecode.swift; path = InscriptionSuivantView.swift; sourceTree = "<group>"; };
		8DF2C890274FC20F00900B6F /* Alert.swift */ = {isa = PBXFileReference; lastKnownFileType = sourcecode.swift; path = Alert.swift; sourceTree = "<group>"; };
		8DF2C892274FED0000900B6F /* PublicationViewModel.swift */ = {isa = PBXFileReference; fileEncoding = 4; lastKnownFileType = sourcecode.swift; path = PublicationViewModel.swift; sourceTree = "<group>"; };
		8DF504FC2760FA2300832E37 /* PinAnnotation.swift */ = {isa = PBXFileReference; lastKnownFileType = sourcecode.swift; path = PinAnnotation.swift; sourceTree = "<group>"; };
		8DF504FE276113B800832E37 /* CategorieViewController.swift */ = {isa = PBXFileReference; lastKnownFileType = sourcecode.swift; path = CategorieViewController.swift; sourceTree = "<group>"; };
		8DF5050027612B6C00832E37 /* LocationManager.swift */ = {isa = PBXFileReference; lastKnownFileType = sourcecode.swift; path = LocationManager.swift; sourceTree = "<group>"; };
		8DFC6A702758000D00DA0175 /* CommentaireViewModel.swift */ = {isa = PBXFileReference; lastKnownFileType = sourcecode.swift; path = CommentaireViewModel.swift; sourceTree = "<group>"; };
		934D3B0EF32BEB14149B163E /* Pods_Chicky.framework */ = {isa = PBXFileReference; explicitFileType = wrapper.framework; includeInIndex = 0; path = Pods_Chicky.framework; sourceTree = BUILT_PRODUCTS_DIR; };
		940D717A27430DB200722B97 /* ConnexionView.swift */ = {isa = PBXFileReference; lastKnownFileType = sourcecode.swift; path = ConnexionView.swift; sourceTree = "<group>"; };
		940D717C27430E0200722B97 /* RechercheView.swift */ = {isa = PBXFileReference; lastKnownFileType = sourcecode.swift; path = RechercheView.swift; sourceTree = "<group>"; };
		940D717E27430E3D00722B97 /* CameraView.swift */ = {isa = PBXFileReference; lastKnownFileType = sourcecode.swift; path = CameraView.swift; sourceTree = "<group>"; };
		940D718027430EA600722B97 /* SocialView.swift */ = {isa = PBXFileReference; lastKnownFileType = sourcecode.swift; path = SocialView.swift; sourceTree = "<group>"; };
		940D718627430F6400722B97 /* ProfilView.swift */ = {isa = PBXFileReference; lastKnownFileType = sourcecode.swift; path = ProfilView.swift; sourceTree = "<group>"; };
		940D718827430F8900722B97 /* MusiqueView.swift */ = {isa = PBXFileReference; lastKnownFileType = sourcecode.swift; path = MusiqueView.swift; sourceTree = "<group>"; };
		94C4DFB52742BC1C00993FE5 /* Utilisateur.swift */ = {isa = PBXFileReference; fileEncoding = 4; lastKnownFileType = sourcecode.swift; path = Utilisateur.swift; sourceTree = "<group>"; };
		94C4DFBF2742C79300993FE5 /* Message.swift */ = {isa = PBXFileReference; lastKnownFileType = sourcecode.swift; path = Message.swift; sourceTree = "<group>"; };
		94C4DFC12742C80900993FE5 /* Publication.swift */ = {isa = PBXFileReference; lastKnownFileType = sourcecode.swift; path = Publication.swift; sourceTree = "<group>"; };
		94C4DFC42742C81F00993FE5 /* Conversation.swift */ = {isa = PBXFileReference; lastKnownFileType = sourcecode.swift; path = Conversation.swift; sourceTree = "<group>"; };
		94C4DFC62742C82D00993FE5 /* Commentaire.swift */ = {isa = PBXFileReference; lastKnownFileType = sourcecode.swift; path = Commentaire.swift; sourceTree = "<group>"; };
		94C4DFCA2742D30A00993FE5 /* InscriptionView.swift */ = {isa = PBXFileReference; lastKnownFileType = sourcecode.swift; path = InscriptionView.swift; sourceTree = "<group>"; };
		94C4DFCD2742DA3000993FE5 /* GradientView.swift */ = {isa = PBXFileReference; lastKnownFileType = sourcecode.swift; path = GradientView.swift; sourceTree = "<group>"; };
		94C4DFD12742F64600993FE5 /* AccueilView.swift */ = {isa = PBXFileReference; lastKnownFileType = sourcecode.swift; path = AccueilView.swift; sourceTree = "<group>"; };
		CDD42EF90213BFF3B3E39E54 /* Pods-Chicky-ChickyUITests.debug.xcconfig */ = {isa = PBXFileReference; includeInIndex = 1; lastKnownFileType = text.xcconfig; name = "Pods-Chicky-ChickyUITests.debug.xcconfig"; path = "Target Support Files/Pods-Chicky-ChickyUITests/Pods-Chicky-ChickyUITests.debug.xcconfig"; sourceTree = "<group>"; };
		CE00D097275194E400B0E432 /* MessageViewModel.swift */ = {isa = PBXFileReference; lastKnownFileType = sourcecode.swift; path = MessageViewModel.swift; sourceTree = "<group>"; };
		CE00D0992751981000B0E432 /* ConversationViewModel.swift */ = {isa = PBXFileReference; lastKnownFileType = sourcecode.swift; path = ConversationViewModel.swift; sourceTree = "<group>"; };
		F933F60E87D3F22297796E52 /* Pods-ChickyTests.debug.xcconfig */ = {isa = PBXFileReference; includeInIndex = 1; lastKnownFileType = text.xcconfig; name = "Pods-ChickyTests.debug.xcconfig"; path = "Target Support Files/Pods-ChickyTests/Pods-ChickyTests.debug.xcconfig"; sourceTree = "<group>"; };
		FE48B188ABF177D1F30620C8 /* Pods-ChickyTests.release.xcconfig */ = {isa = PBXFileReference; includeInIndex = 1; lastKnownFileType = text.xcconfig; name = "Pods-ChickyTests.release.xcconfig"; path = "Target Support Files/Pods-ChickyTests/Pods-ChickyTests.release.xcconfig"; sourceTree = "<group>"; };
/* End PBXFileReference section */

/* Begin PBXFrameworksBuildPhase section */
		431677BE273920FD0062EA9D /* Frameworks */ = {
			isa = PBXFrameworksBuildPhase;
			buildActionMask = 2147483647;
			files = (
				8D214992276366D1007CD4D0 /* MapKit.framework in Frameworks */,
				AA66A5341C1B942C75DB0025 /* Pods_Chicky.framework in Frameworks */,
			);
			runOnlyForDeploymentPostprocessing = 0;
		};
		431677D7273920FE0062EA9D /* Frameworks */ = {
			isa = PBXFrameworksBuildPhase;
			buildActionMask = 2147483647;
			files = (
				8F9D9FCC1ED99450D297DC5E /* Pods_ChickyTests.framework in Frameworks */,
			);
			runOnlyForDeploymentPostprocessing = 0;
		};
		431677E1273920FE0062EA9D /* Frameworks */ = {
			isa = PBXFrameworksBuildPhase;
			buildActionMask = 2147483647;
			files = (
				FD9F25F7A486B2A400A61EFB /* Pods_Chicky_ChickyUITests.framework in Frameworks */,
			);
			runOnlyForDeploymentPostprocessing = 0;
		};
/* End PBXFrameworksBuildPhase section */

/* Begin PBXGroup section */
		431677B8273920FD0062EA9D = {
			isa = PBXGroup;
			children = (
				431677C3273920FD0062EA9D /* Chicky */,
				431677DD273920FE0062EA9D /* ChickyTests */,
				431677E7273920FE0062EA9D /* ChickyUITests */,
				431677C2273920FD0062EA9D /* Products */,
				D4797F5E8F010636CE6B4CCC /* Pods */,
				BD720087CBD64A10262EDBA9 /* Frameworks */,
			);
			sourceTree = "<group>";
		};
		431677C2273920FD0062EA9D /* Products */ = {
			isa = PBXGroup;
			children = (
				431677C1273920FD0062EA9D /* Chicky.app */,
				431677DA273920FE0062EA9D /* ChickyTests.xctest */,
				431677E4273920FE0062EA9D /* ChickyUITests.xctest */,
			);
			name = Products;
			sourceTree = "<group>";
		};
		431677C3273920FD0062EA9D /* Chicky */ = {
			isa = PBXGroup;
			children = (
				431677C4273920FD0062EA9D /* AppDelegate.swift */,
				431677C6273920FD0062EA9D /* SceneDelegate.swift */,
				94C4DFBE2742C69A00993FE5 /* View */,
				94C4DFBD2742C68F00993FE5 /* ViewModel */,
				94C4DFBC2742C67F00993FE5 /* Model */,
				94C4DFCC2742DA0800993FE5 /* Utilities */,
				431677D0273920FE0062EA9D /* Assets.xcassets */,
				10CA8A2B276772BD000DA6A8 /* video.mp4 */,
				431677D5273920FE0062EA9D /* Info.plist */,
				431677CD273920FD0062EA9D /* Chicky.xcdatamodeld */,
			);
			path = Chicky;
			sourceTree = "<group>";
		};
		431677DD273920FE0062EA9D /* ChickyTests */ = {
			isa = PBXGroup;
			children = (
				431677DE273920FE0062EA9D /* ChickyTests.swift */,
			);
			path = ChickyTests;
			sourceTree = "<group>";
		};
		431677E7273920FE0062EA9D /* ChickyUITests */ = {
			isa = PBXGroup;
			children = (
				431677E8273920FE0062EA9D /* ChickyUITests.swift */,
				431677EA273920FE0062EA9D /* ChickyUITestsLaunchTests.swift */,
			);
			path = ChickyUITests;
			sourceTree = "<group>";
		};
		94C4DFBC2742C67F00993FE5 /* Model */ = {
			isa = PBXGroup;
			children = (
				94C4DFB52742BC1C00993FE5 /* Utilisateur.swift */,
				94C4DFC42742C81F00993FE5 /* Conversation.swift */,
				94C4DFBF2742C79300993FE5 /* Message.swift */,
				94C4DFC12742C80900993FE5 /* Publication.swift */,
				106A40C7275E266C00DB4D8F /* Jaime.swift */,
				94C4DFC62742C82D00993FE5 /* Commentaire.swift */,
			);
			path = Model;
			sourceTree = "<group>";
		};
		94C4DFBD2742C68F00993FE5 /* ViewModel */ = {
			isa = PBXGroup;
			children = (
				8D9254EE27482A9E009ACD1A /* UtilisateurViewModel.swift */,
				8DF2C892274FED0000900B6F /* PublicationViewModel.swift */,
				CE00D097275194E400B0E432 /* MessageViewModel.swift */,
				CE00D0992751981000B0E432 /* ConversationViewModel.swift */,
				8DFC6A702758000D00DA0175 /* CommentaireViewModel.swift */,
				106A40C5275E25FB00DB4D8F /* JaimeViewModel.swift */,
			);
			path = ViewModel;
			sourceTree = "<group>";
		};
		94C4DFBE2742C69A00993FE5 /* View */ = {
			isa = PBXGroup;
			children = (
				8D9EDC2F275169940003F1A1 /* Launch Screen.storyboard */,
				431677CA273920FD0062EA9D /* Main.storyboard */,
				8D52EE492756178500DC7028 /* VerifAccountView.swift */,
				94C4DFCA2742D30A00993FE5 /* InscriptionView.swift */,
				8DD5126F274C12CB006A4434 /* InscriptionSuivantView.swift */,
				940D717A27430DB200722B97 /* ConnexionView.swift */,
				8D8774F2275282DD0039CB29 /* MdpOublieView.swift */,
				8D8774F4275283400039CB29 /* ConfirmationView.swift */,
				8D8774F6275283860039CB29 /* ChangerMdpView.swift */,
				940D718627430F6400722B97 /* ProfilView.swift */,
				8DD36B9A274C779700EEFE79 /* ModifierProfilView.swift */,
				94C4DFD12742F64600993FE5 /* AccueilView.swift */,
				940D717C27430E0200722B97 /* RechercheView.swift */,
				940D718827430F8900722B97 /* MusiqueView.swift */,
				940D717E27430E3D00722B97 /* CameraView.swift */,
				431677C8273920FD0062EA9D /* MessagerieView.swift */,
				940D718027430EA600722B97 /* SocialView.swift */,
				8DF504FE276113B800832E37 /* CategorieViewController.swift */,
				109A3AFB2767CED7009868A6 /* CommentairesView.swift */,
			);
			path = View;
			sourceTree = "<group>";
		};
		94C4DFCC2742DA0800993FE5 /* Utilities */ = {
			isa = PBXGroup;
			children = (
				94C4DFCD2742DA3000993FE5 /* GradientView.swift */,
				8D9254F027482EF1009ACD1A /* Constantes.swift */,
				8D9254F2274854AF009ACD1A /* LoadingScreen.swift */,
				8DF2C890274FC20F00900B6F /* Alert.swift */,
				8D9EDC2D27515B950003F1A1 /* CheckBox.swift */,
				10DC5753275F115E00D00B77 /* ImageLoader.swift */,
				8DF504FC2760FA2300832E37 /* PinAnnotation.swift */,
				8DF5050027612B6C00832E37 /* LocationManager.swift */,
				109A3AFD2767D760009868A6 /* DateUtils.swift */,
			);
			path = Utilities;
			sourceTree = "<group>";
		};
		BD720087CBD64A10262EDBA9 /* Frameworks */ = {
			isa = PBXGroup;
			children = (
				8D214991276366D1007CD4D0 /* MapKit.framework */,
				934D3B0EF32BEB14149B163E /* Pods_Chicky.framework */,
				69844C1A4BA56201C1B700AA /* Pods_Chicky_ChickyUITests.framework */,
				844441E750DD109EC9701A82 /* Pods_ChickyTests.framework */,
			);
			name = Frameworks;
			sourceTree = "<group>";
		};
		D4797F5E8F010636CE6B4CCC /* Pods */ = {
			isa = PBXGroup;
			children = (
				4139DF8D8CF5BCF624B83F8D /* Pods-Chicky.debug.xcconfig */,
				187A1140A29FBE4B1715FE81 /* Pods-Chicky.release.xcconfig */,
				CDD42EF90213BFF3B3E39E54 /* Pods-Chicky-ChickyUITests.debug.xcconfig */,
				08543B5114949029C22825E9 /* Pods-Chicky-ChickyUITests.release.xcconfig */,
				F933F60E87D3F22297796E52 /* Pods-ChickyTests.debug.xcconfig */,
				FE48B188ABF177D1F30620C8 /* Pods-ChickyTests.release.xcconfig */,
			);
			path = Pods;
			sourceTree = "<group>";
		};
/* End PBXGroup section */

/* Begin PBXNativeTarget section */
		431677C0273920FD0062EA9D /* Chicky */ = {
			isa = PBXNativeTarget;
			buildConfigurationList = 431677EE273920FE0062EA9D /* Build configuration list for PBXNativeTarget "Chicky" */;
			buildPhases = (
				A1DE64DA5E681B65B4A7A75C /* [CP] Check Pods Manifest.lock */,
				431677BD273920FD0062EA9D /* Sources */,
				431677BE273920FD0062EA9D /* Frameworks */,
				431677BF273920FD0062EA9D /* Resources */,
				8ED1A377B98A5A5B2F840FBB /* [CP] Embed Pods Frameworks */,
			);
			buildRules = (
			);
			dependencies = (
			);
			name = Chicky;
			productName = Chicky;
			productReference = 431677C1273920FD0062EA9D /* Chicky.app */;
			productType = "com.apple.product-type.application";
		};
		431677D9273920FE0062EA9D /* ChickyTests */ = {
			isa = PBXNativeTarget;
			buildConfigurationList = 431677F1273920FE0062EA9D /* Build configuration list for PBXNativeTarget "ChickyTests" */;
			buildPhases = (
				9B2832152FAD432AE078E879 /* [CP] Check Pods Manifest.lock */,
				431677D6273920FE0062EA9D /* Sources */,
				431677D7273920FE0062EA9D /* Frameworks */,
				431677D8273920FE0062EA9D /* Resources */,
			);
			buildRules = (
			);
			dependencies = (
				431677DC273920FE0062EA9D /* PBXTargetDependency */,
			);
			name = ChickyTests;
			productName = ChickyTests;
			productReference = 431677DA273920FE0062EA9D /* ChickyTests.xctest */;
			productType = "com.apple.product-type.bundle.unit-test";
		};
		431677E3273920FE0062EA9D /* ChickyUITests */ = {
			isa = PBXNativeTarget;
			buildConfigurationList = 431677F4273920FE0062EA9D /* Build configuration list for PBXNativeTarget "ChickyUITests" */;
			buildPhases = (
				A91CE329145B2F0246BD96EF /* [CP] Check Pods Manifest.lock */,
				431677E0273920FE0062EA9D /* Sources */,
				431677E1273920FE0062EA9D /* Frameworks */,
				431677E2273920FE0062EA9D /* Resources */,
				B1EDE32F0793DCAC0546781B /* [CP] Embed Pods Frameworks */,
			);
			buildRules = (
			);
			dependencies = (
				431677E6273920FE0062EA9D /* PBXTargetDependency */,
			);
			name = ChickyUITests;
			productName = ChickyUITests;
			productReference = 431677E4273920FE0062EA9D /* ChickyUITests.xctest */;
			productType = "com.apple.product-type.bundle.ui-testing";
		};
/* End PBXNativeTarget section */

/* Begin PBXProject section */
		431677B9273920FD0062EA9D /* Project object */ = {
			isa = PBXProject;
			attributes = {
				BuildIndependentTargetsInParallel = 1;
				LastSwiftUpdateCheck = 1300;
				LastUpgradeCheck = 1300;
				TargetAttributes = {
					431677C0273920FD0062EA9D = {
						CreatedOnToolsVersion = 13.0;
					};
					431677D9273920FE0062EA9D = {
						CreatedOnToolsVersion = 13.0;
						TestTargetID = 431677C0273920FD0062EA9D;
					};
					431677E3273920FE0062EA9D = {
						CreatedOnToolsVersion = 13.0;
						TestTargetID = 431677C0273920FD0062EA9D;
					};
				};
			};
			buildConfigurationList = 431677BC273920FD0062EA9D /* Build configuration list for PBXProject "Chicky" */;
			compatibilityVersion = "Xcode 13.0";
			developmentRegion = en;
			hasScannedForEncodings = 0;
			knownRegions = (
				en,
				fr,
				Base,
			);
			mainGroup = 431677B8273920FD0062EA9D;
			productRefGroup = 431677C2273920FD0062EA9D /* Products */;
			projectDirPath = "";
			projectRoot = "";
			targets = (
				431677C0273920FD0062EA9D /* Chicky */,
				431677D9273920FE0062EA9D /* ChickyTests */,
				431677E3273920FE0062EA9D /* ChickyUITests */,
			);
		};
/* End PBXProject section */

/* Begin PBXResourcesBuildPhase section */
		431677BF273920FD0062EA9D /* Resources */ = {
			isa = PBXResourcesBuildPhase;
			buildActionMask = 2147483647;
			files = (
				10CA8A2C276772BD000DA6A8 /* video.mp4 in Resources */,
				8D9EDC30275169940003F1A1 /* Launch Screen.storyboard in Resources */,
				431677D1273920FE0062EA9D /* Assets.xcassets in Resources */,
				431677CC273920FD0062EA9D /* Main.storyboard in Resources */,
			);
			runOnlyForDeploymentPostprocessing = 0;
		};
		431677D8273920FE0062EA9D /* Resources */ = {
			isa = PBXResourcesBuildPhase;
			buildActionMask = 2147483647;
			files = (
			);
			runOnlyForDeploymentPostprocessing = 0;
		};
		431677E2273920FE0062EA9D /* Resources */ = {
			isa = PBXResourcesBuildPhase;
			buildActionMask = 2147483647;
			files = (
			);
			runOnlyForDeploymentPostprocessing = 0;
		};
/* End PBXResourcesBuildPhase section */

/* Begin PBXShellScriptBuildPhase section */
		8ED1A377B98A5A5B2F840FBB /* [CP] Embed Pods Frameworks */ = {
			isa = PBXShellScriptBuildPhase;
			buildActionMask = 2147483647;
			files = (
			);
			inputFileListPaths = (
				"${PODS_ROOT}/Target Support Files/Pods-Chicky/Pods-Chicky-frameworks-${CONFIGURATION}-input-files.xcfilelist",
			);
			name = "[CP] Embed Pods Frameworks";
			outputFileListPaths = (
				"${PODS_ROOT}/Target Support Files/Pods-Chicky/Pods-Chicky-frameworks-${CONFIGURATION}-output-files.xcfilelist",
			);
			runOnlyForDeploymentPostprocessing = 0;
			shellPath = /bin/sh;
			shellScript = "\"${PODS_ROOT}/Target Support Files/Pods-Chicky/Pods-Chicky-frameworks.sh\"\n";
			showEnvVarsInLog = 0;
		};
		9B2832152FAD432AE078E879 /* [CP] Check Pods Manifest.lock */ = {
			isa = PBXShellScriptBuildPhase;
			buildActionMask = 2147483647;
			files = (
			);
			inputFileListPaths = (
			);
			inputPaths = (
				"${PODS_PODFILE_DIR_PATH}/Podfile.lock",
				"${PODS_ROOT}/Manifest.lock",
			);
			name = "[CP] Check Pods Manifest.lock";
			outputFileListPaths = (
			);
			outputPaths = (
				"$(DERIVED_FILE_DIR)/Pods-ChickyTests-checkManifestLockResult.txt",
			);
			runOnlyForDeploymentPostprocessing = 0;
			shellPath = /bin/sh;
			shellScript = "diff \"${PODS_PODFILE_DIR_PATH}/Podfile.lock\" \"${PODS_ROOT}/Manifest.lock\" > /dev/null\nif [ $? != 0 ] ; then\n    # print error to STDERR\n    echo \"error: The sandbox is not in sync with the Podfile.lock. Run 'pod install' or update your CocoaPods installation.\" >&2\n    exit 1\nfi\n# This output is used by Xcode 'outputs' to avoid re-running this script phase.\necho \"SUCCESS\" > \"${SCRIPT_OUTPUT_FILE_0}\"\n";
			showEnvVarsInLog = 0;
		};
		A1DE64DA5E681B65B4A7A75C /* [CP] Check Pods Manifest.lock */ = {
			isa = PBXShellScriptBuildPhase;
			buildActionMask = 2147483647;
			files = (
			);
			inputFileListPaths = (
			);
			inputPaths = (
				"${PODS_PODFILE_DIR_PATH}/Podfile.lock",
				"${PODS_ROOT}/Manifest.lock",
			);
			name = "[CP] Check Pods Manifest.lock";
			outputFileListPaths = (
			);
			outputPaths = (
				"$(DERIVED_FILE_DIR)/Pods-Chicky-checkManifestLockResult.txt",
			);
			runOnlyForDeploymentPostprocessing = 0;
			shellPath = /bin/sh;
			shellScript = "diff \"${PODS_PODFILE_DIR_PATH}/Podfile.lock\" \"${PODS_ROOT}/Manifest.lock\" > /dev/null\nif [ $? != 0 ] ; then\n    # print error to STDERR\n    echo \"error: The sandbox is not in sync with the Podfile.lock. Run 'pod install' or update your CocoaPods installation.\" >&2\n    exit 1\nfi\n# This output is used by Xcode 'outputs' to avoid re-running this script phase.\necho \"SUCCESS\" > \"${SCRIPT_OUTPUT_FILE_0}\"\n";
			showEnvVarsInLog = 0;
		};
		A91CE329145B2F0246BD96EF /* [CP] Check Pods Manifest.lock */ = {
			isa = PBXShellScriptBuildPhase;
			buildActionMask = 2147483647;
			files = (
			);
			inputFileListPaths = (
			);
			inputPaths = (
				"${PODS_PODFILE_DIR_PATH}/Podfile.lock",
				"${PODS_ROOT}/Manifest.lock",
			);
			name = "[CP] Check Pods Manifest.lock";
			outputFileListPaths = (
			);
			outputPaths = (
				"$(DERIVED_FILE_DIR)/Pods-Chicky-ChickyUITests-checkManifestLockResult.txt",
			);
			runOnlyForDeploymentPostprocessing = 0;
			shellPath = /bin/sh;
			shellScript = "diff \"${PODS_PODFILE_DIR_PATH}/Podfile.lock\" \"${PODS_ROOT}/Manifest.lock\" > /dev/null\nif [ $? != 0 ] ; then\n    # print error to STDERR\n    echo \"error: The sandbox is not in sync with the Podfile.lock. Run 'pod install' or update your CocoaPods installation.\" >&2\n    exit 1\nfi\n# This output is used by Xcode 'outputs' to avoid re-running this script phase.\necho \"SUCCESS\" > \"${SCRIPT_OUTPUT_FILE_0}\"\n";
			showEnvVarsInLog = 0;
		};
		B1EDE32F0793DCAC0546781B /* [CP] Embed Pods Frameworks */ = {
			isa = PBXShellScriptBuildPhase;
			buildActionMask = 2147483647;
			files = (
			);
			inputFileListPaths = (
				"${PODS_ROOT}/Target Support Files/Pods-Chicky-ChickyUITests/Pods-Chicky-ChickyUITests-frameworks-${CONFIGURATION}-input-files.xcfilelist",
			);
			name = "[CP] Embed Pods Frameworks";
			outputFileListPaths = (
				"${PODS_ROOT}/Target Support Files/Pods-Chicky-ChickyUITests/Pods-Chicky-ChickyUITests-frameworks-${CONFIGURATION}-output-files.xcfilelist",
			);
			runOnlyForDeploymentPostprocessing = 0;
			shellPath = /bin/sh;
			shellScript = "\"${PODS_ROOT}/Target Support Files/Pods-Chicky-ChickyUITests/Pods-Chicky-ChickyUITests-frameworks.sh\"\n";
			showEnvVarsInLog = 0;
		};
/* End PBXShellScriptBuildPhase section */

/* Begin PBXSourcesBuildPhase section */
		431677BD273920FD0062EA9D /* Sources */ = {
			isa = PBXSourcesBuildPhase;
			buildActionMask = 2147483647;
			files = (
				CE00D09A2751981000B0E432 /* ConversationViewModel.swift in Sources */,
				94C4DFD22742F64600993FE5 /* AccueilView.swift in Sources */,
				109A3AFC2767CED7009868A6 /* CommentairesView.swift in Sources */,
				8DD51270274C12CB006A4434 /* InscriptionSuivantView.swift in Sources */,
				8D8774F7275283860039CB29 /* ChangerMdpView.swift in Sources */,
				431677C9273920FD0062EA9D /* MessagerieView.swift in Sources */,
				8DF2C893274FED0000900B6F /* PublicationViewModel.swift in Sources */,
				106A40C8275E266C00DB4D8F /* Jaime.swift in Sources */,
				8DF2C891274FC20F00900B6F /* Alert.swift in Sources */,
				940D718127430EA600722B97 /* SocialView.swift in Sources */,
				8DD36B9B274C779700EEFE79 /* ModifierProfilView.swift in Sources */,
				431677C5273920FD0062EA9D /* AppDelegate.swift in Sources */,
				940D717D27430E0200722B97 /* RechercheView.swift in Sources */,
				8DF5050127612B6C00832E37 /* LocationManager.swift in Sources */,
				8DFC6A712758000D00DA0175 /* CommentaireViewModel.swift in Sources */,
				8D9254F3274854AF009ACD1A /* LoadingScreen.swift in Sources */,
				94C4DFCE2742DA3000993FE5 /* GradientView.swift in Sources */,
				106A40C6275E25FB00DB4D8F /* JaimeViewModel.swift in Sources */,
				8D9EDC2E27515B950003F1A1 /* CheckBox.swift in Sources */,
				94C4DFC22742C80900993FE5 /* Publication.swift in Sources */,
				8DF504FD2760FA2300832E37 /* PinAnnotation.swift in Sources */,
				431677CF273920FD0062EA9D /* Chicky.xcdatamodeld in Sources */,
				940D718927430F8900722B97 /* MusiqueView.swift in Sources */,
				8D9254EF27482A9E009ACD1A /* UtilisateurViewModel.swift in Sources */,
				940D717F27430E3D00722B97 /* CameraView.swift in Sources */,
				109A3AFE2767D760009868A6 /* DateUtils.swift in Sources */,
				8D8774F5275283400039CB29 /* ConfirmationView.swift in Sources */,
				940D718727430F6400722B97 /* ProfilView.swift in Sources */,
				CE00D098275194E400B0E432 /* MessageViewModel.swift in Sources */,
				8D52EE4A2756178500DC7028 /* VerifAccountView.swift in Sources */,
				10DC5754275F115E00D00B77 /* ImageLoader.swift in Sources */,
				94C4DFC72742C82D00993FE5 /* Commentaire.swift in Sources */,
				94C4DFCB2742D30A00993FE5 /* InscriptionView.swift in Sources */,
				8D8774F3275282DD0039CB29 /* MdpOublieView.swift in Sources */,
				94C4DFC02742C79300993FE5 /* Message.swift in Sources */,
				940D717B27430DB200722B97 /* ConnexionView.swift in Sources */,
				431677C7273920FD0062EA9D /* SceneDelegate.swift in Sources */,
				94C4DFC52742C81F00993FE5 /* Conversation.swift in Sources */,
				94C4DFB62742BC1C00993FE5 /* Utilisateur.swift in Sources */,
				8DF504FF276113B800832E37 /* CategorieViewController.swift in Sources */,
				8D9254F127482EF1009ACD1A /* Constantes.swift in Sources */,
			);
			runOnlyForDeploymentPostprocessing = 0;
		};
		431677D6273920FE0062EA9D /* Sources */ = {
			isa = PBXSourcesBuildPhase;
			buildActionMask = 2147483647;
			files = (
				431677DF273920FE0062EA9D /* ChickyTests.swift in Sources */,
			);
			runOnlyForDeploymentPostprocessing = 0;
		};
		431677E0273920FE0062EA9D /* Sources */ = {
			isa = PBXSourcesBuildPhase;
			buildActionMask = 2147483647;
			files = (
				431677E9273920FE0062EA9D /* ChickyUITests.swift in Sources */,
				431677EB273920FE0062EA9D /* ChickyUITestsLaunchTests.swift in Sources */,
			);
			runOnlyForDeploymentPostprocessing = 0;
		};
/* End PBXSourcesBuildPhase section */

/* Begin PBXTargetDependency section */
		431677DC273920FE0062EA9D /* PBXTargetDependency */ = {
			isa = PBXTargetDependency;
			target = 431677C0273920FD0062EA9D /* Chicky */;
			targetProxy = 431677DB273920FE0062EA9D /* PBXContainerItemProxy */;
		};
		431677E6273920FE0062EA9D /* PBXTargetDependency */ = {
			isa = PBXTargetDependency;
			target = 431677C0273920FD0062EA9D /* Chicky */;
			targetProxy = 431677E5273920FE0062EA9D /* PBXContainerItemProxy */;
		};
/* End PBXTargetDependency section */

/* Begin PBXVariantGroup section */
		431677CA273920FD0062EA9D /* Main.storyboard */ = {
			isa = PBXVariantGroup;
			children = (
				8D2F5F4B2767CB33007883A7 /* Base */,
				8D2F5F4D2767CB39007883A7 /* en */,
				8D2F5F4E2767CB90007883A7 /* fr */,
			);
			name = Main.storyboard;
			sourceTree = "<group>";
		};
/* End PBXVariantGroup section */

/* Begin XCBuildConfiguration section */
		431677EC273920FE0062EA9D /* Debug */ = {
			isa = XCBuildConfiguration;
			buildSettings = {
				ALWAYS_SEARCH_USER_PATHS = NO;
				CLANG_ANALYZER_LOCALIZABILITY_NONLOCALIZED = YES;
				CLANG_ANALYZER_NONNULL = YES;
				CLANG_ANALYZER_NUMBER_OBJECT_CONVERSION = YES_AGGRESSIVE;
				CLANG_CXX_LANGUAGE_STANDARD = "gnu++17";
				CLANG_CXX_LIBRARY = "libc++";
				CLANG_ENABLE_MODULES = YES;
				CLANG_ENABLE_OBJC_ARC = YES;
				CLANG_ENABLE_OBJC_WEAK = YES;
				CLANG_WARN_BLOCK_CAPTURE_AUTORELEASING = YES;
				CLANG_WARN_BOOL_CONVERSION = YES;
				CLANG_WARN_COMMA = YES;
				CLANG_WARN_CONSTANT_CONVERSION = YES;
				CLANG_WARN_DEPRECATED_OBJC_IMPLEMENTATIONS = YES;
				CLANG_WARN_DIRECT_OBJC_ISA_USAGE = YES_ERROR;
				CLANG_WARN_DOCUMENTATION_COMMENTS = YES;
				CLANG_WARN_EMPTY_BODY = YES;
				CLANG_WARN_ENUM_CONVERSION = YES;
				CLANG_WARN_INFINITE_RECURSION = YES;
				CLANG_WARN_INT_CONVERSION = YES;
				CLANG_WARN_NON_LITERAL_NULL_CONVERSION = YES;
				CLANG_WARN_OBJC_IMPLICIT_RETAIN_SELF = YES;
				CLANG_WARN_OBJC_LITERAL_CONVERSION = YES;
				CLANG_WARN_OBJC_ROOT_CLASS = YES_ERROR;
				CLANG_WARN_QUOTED_INCLUDE_IN_FRAMEWORK_HEADER = YES;
				CLANG_WARN_RANGE_LOOP_ANALYSIS = YES;
				CLANG_WARN_STRICT_PROTOTYPES = YES;
				CLANG_WARN_SUSPICIOUS_MOVE = YES;
				CLANG_WARN_UNGUARDED_AVAILABILITY = YES_AGGRESSIVE;
				CLANG_WARN_UNREACHABLE_CODE = YES;
				CLANG_WARN__DUPLICATE_METHOD_MATCH = YES;
				COPY_PHASE_STRIP = NO;
				DEBUG_INFORMATION_FORMAT = dwarf;
				ENABLE_STRICT_OBJC_MSGSEND = YES;
				ENABLE_TESTABILITY = YES;
				EXCLUDED_ARCHS = "";
				"EXCLUDED_ARCHS[sdk=*]" = arm64;
				GCC_C_LANGUAGE_STANDARD = gnu11;
				GCC_DYNAMIC_NO_PIC = NO;
				GCC_NO_COMMON_BLOCKS = YES;
				GCC_OPTIMIZATION_LEVEL = 0;
				GCC_PREPROCESSOR_DEFINITIONS = (
					"DEBUG=1",
					"$(inherited)",
				);
				GCC_WARN_64_TO_32_BIT_CONVERSION = YES;
				GCC_WARN_ABOUT_RETURN_TYPE = YES_ERROR;
				GCC_WARN_UNDECLARED_SELECTOR = YES;
				GCC_WARN_UNINITIALIZED_AUTOS = YES_AGGRESSIVE;
				GCC_WARN_UNUSED_FUNCTION = YES;
				GCC_WARN_UNUSED_VARIABLE = YES;
				IPHONEOS_DEPLOYMENT_TARGET = 15.0;
				MTL_ENABLE_DEBUG_INFO = INCLUDE_SOURCE;
				MTL_FAST_MATH = YES;
				ONLY_ACTIVE_ARCH = YES;
				SDKROOT = iphoneos;
				SWIFT_ACTIVE_COMPILATION_CONDITIONS = DEBUG;
				SWIFT_OPTIMIZATION_LEVEL = "-Onone";
				VALID_ARCHS = "";
			};
			name = Debug;
		};
		431677ED273920FE0062EA9D /* Release */ = {
			isa = XCBuildConfiguration;
			buildSettings = {
				ALWAYS_SEARCH_USER_PATHS = NO;
				CLANG_ANALYZER_LOCALIZABILITY_NONLOCALIZED = YES;
				CLANG_ANALYZER_NONNULL = YES;
				CLANG_ANALYZER_NUMBER_OBJECT_CONVERSION = YES_AGGRESSIVE;
				CLANG_CXX_LANGUAGE_STANDARD = "gnu++17";
				CLANG_CXX_LIBRARY = "libc++";
				CLANG_ENABLE_MODULES = YES;
				CLANG_ENABLE_OBJC_ARC = YES;
				CLANG_ENABLE_OBJC_WEAK = YES;
				CLANG_WARN_BLOCK_CAPTURE_AUTORELEASING = YES;
				CLANG_WARN_BOOL_CONVERSION = YES;
				CLANG_WARN_COMMA = YES;
				CLANG_WARN_CONSTANT_CONVERSION = YES;
				CLANG_WARN_DEPRECATED_OBJC_IMPLEMENTATIONS = YES;
				CLANG_WARN_DIRECT_OBJC_ISA_USAGE = YES_ERROR;
				CLANG_WARN_DOCUMENTATION_COMMENTS = YES;
				CLANG_WARN_EMPTY_BODY = YES;
				CLANG_WARN_ENUM_CONVERSION = YES;
				CLANG_WARN_INFINITE_RECURSION = YES;
				CLANG_WARN_INT_CONVERSION = YES;
				CLANG_WARN_NON_LITERAL_NULL_CONVERSION = YES;
				CLANG_WARN_OBJC_IMPLICIT_RETAIN_SELF = YES;
				CLANG_WARN_OBJC_LITERAL_CONVERSION = YES;
				CLANG_WARN_OBJC_ROOT_CLASS = YES_ERROR;
				CLANG_WARN_QUOTED_INCLUDE_IN_FRAMEWORK_HEADER = YES;
				CLANG_WARN_RANGE_LOOP_ANALYSIS = YES;
				CLANG_WARN_STRICT_PROTOTYPES = YES;
				CLANG_WARN_SUSPICIOUS_MOVE = YES;
				CLANG_WARN_UNGUARDED_AVAILABILITY = YES_AGGRESSIVE;
				CLANG_WARN_UNREACHABLE_CODE = YES;
				CLANG_WARN__DUPLICATE_METHOD_MATCH = YES;
				COPY_PHASE_STRIP = NO;
				DEBUG_INFORMATION_FORMAT = "dwarf-with-dsym";
				ENABLE_NS_ASSERTIONS = NO;
				ENABLE_STRICT_OBJC_MSGSEND = YES;
				EXCLUDED_ARCHS = "";
				GCC_C_LANGUAGE_STANDARD = gnu11;
				GCC_NO_COMMON_BLOCKS = YES;
				GCC_WARN_64_TO_32_BIT_CONVERSION = YES;
				GCC_WARN_ABOUT_RETURN_TYPE = YES_ERROR;
				GCC_WARN_UNDECLARED_SELECTOR = YES;
				GCC_WARN_UNINITIALIZED_AUTOS = YES_AGGRESSIVE;
				GCC_WARN_UNUSED_FUNCTION = YES;
				GCC_WARN_UNUSED_VARIABLE = YES;
				IPHONEOS_DEPLOYMENT_TARGET = 15.0;
				MTL_ENABLE_DEBUG_INFO = NO;
				MTL_FAST_MATH = YES;
				SDKROOT = iphoneos;
				SWIFT_COMPILATION_MODE = wholemodule;
				SWIFT_OPTIMIZATION_LEVEL = "-O";
				VALIDATE_PRODUCT = YES;
				VALID_ARCHS = "";
			};
			name = Release;
		};
		431677EF273920FE0062EA9D /* Debug */ = {
			isa = XCBuildConfiguration;
			baseConfigurationReference = 4139DF8D8CF5BCF624B83F8D /* Pods-Chicky.debug.xcconfig */;
			buildSettings = {
				ASSETCATALOG_COMPILER_APPICON_NAME = AppIcon;
				ASSETCATALOG_COMPILER_GLOBAL_ACCENT_COLOR_NAME = AccentColor;
				CODE_SIGN_IDENTITY = "Apple Development";
				CODE_SIGN_STYLE = Automatic;
				CURRENT_PROJECT_VERSION = 1;
				DEVELOPMENT_TEAM = 8SLYY22AVG;
				GENERATE_INFOPLIST_FILE = YES;
				INFOPLIST_FILE = Chicky/Info.plist;
				INFOPLIST_KEY_UIApplicationSupportsIndirectInputEvents = YES;
				INFOPLIST_KEY_UILaunchStoryboardName = LaunchScreen;
				INFOPLIST_KEY_UIMainStoryboardFile = Main;
				INFOPLIST_KEY_UISupportedInterfaceOrientations_iPad = "UIInterfaceOrientationPortrait UIInterfaceOrientationPortraitUpsideDown UIInterfaceOrientationLandscapeLeft UIInterfaceOrientationLandscapeRight";
				INFOPLIST_KEY_UISupportedInterfaceOrientations_iPhone = "UIInterfaceOrientationPortrait UIInterfaceOrientationLandscapeLeft UIInterfaceOrientationLandscapeRight";
				LD_RUNPATH_SEARCH_PATHS = (
					"$(inherited)",
					"@executable_path/Frameworks",
				);
				MARKETING_VERSION = 1.0;
				PRODUCT_BUNDLE_IDENTIFIER = tn.esprit.chicky;
				PRODUCT_NAME = "$(TARGET_NAME)";
				PROVISIONING_PROFILE_SPECIFIER = "";
				SWIFT_EMIT_LOC_STRINGS = YES;
				SWIFT_VERSION = 5.0;
				TARGETED_DEVICE_FAMILY = "1,2";
			};
			name = Debug;
		};
		431677F0273920FE0062EA9D /* Release */ = {
			isa = XCBuildConfiguration;
			baseConfigurationReference = 187A1140A29FBE4B1715FE81 /* Pods-Chicky.release.xcconfig */;
			buildSettings = {
				ASSETCATALOG_COMPILER_APPICON_NAME = AppIcon;
				ASSETCATALOG_COMPILER_GLOBAL_ACCENT_COLOR_NAME = AccentColor;
				CODE_SIGN_IDENTITY = "Apple Development";
				CODE_SIGN_STYLE = Automatic;
				CURRENT_PROJECT_VERSION = 1;
				DEVELOPMENT_TEAM = 8SLYY22AVG;
				GENERATE_INFOPLIST_FILE = YES;
				INFOPLIST_FILE = Chicky/Info.plist;
				INFOPLIST_KEY_UIApplicationSupportsIndirectInputEvents = YES;
				INFOPLIST_KEY_UILaunchStoryboardName = LaunchScreen;
				INFOPLIST_KEY_UIMainStoryboardFile = Main;
				INFOPLIST_KEY_UISupportedInterfaceOrientations_iPad = "UIInterfaceOrientationPortrait UIInterfaceOrientationPortraitUpsideDown UIInterfaceOrientationLandscapeLeft UIInterfaceOrientationLandscapeRight";
				INFOPLIST_KEY_UISupportedInterfaceOrientations_iPhone = "UIInterfaceOrientationPortrait UIInterfaceOrientationLandscapeLeft UIInterfaceOrientationLandscapeRight";
				LD_RUNPATH_SEARCH_PATHS = (
					"$(inherited)",
					"@executable_path/Frameworks",
				);
				MARKETING_VERSION = 1.0;
				PRODUCT_BUNDLE_IDENTIFIER = tn.esprit.chicky;
				PRODUCT_NAME = "$(TARGET_NAME)";
				PROVISIONING_PROFILE_SPECIFIER = "";
				SWIFT_EMIT_LOC_STRINGS = YES;
				SWIFT_VERSION = 5.0;
				TARGETED_DEVICE_FAMILY = "1,2";
			};
			name = Release;
		};
		431677F2273920FE0062EA9D /* Debug */ = {
			isa = XCBuildConfiguration;
			baseConfigurationReference = F933F60E87D3F22297796E52 /* Pods-ChickyTests.debug.xcconfig */;
			buildSettings = {
				ALWAYS_EMBED_SWIFT_STANDARD_LIBRARIES = YES;
				BUNDLE_LOADER = "$(TEST_HOST)";
				CODE_SIGN_STYLE = Automatic;
				CURRENT_PROJECT_VERSION = 1;
				DEVELOPMENT_TEAM = 8SLYY22AVG;
				GENERATE_INFOPLIST_FILE = YES;
				IPHONEOS_DEPLOYMENT_TARGET = 15.0;
				LD_RUNPATH_SEARCH_PATHS = (
					"$(inherited)",
					"@executable_path/Frameworks",
					"@loader_path/Frameworks",
				);
				MARKETING_VERSION = 1.0;
				PRODUCT_BUNDLE_IDENTIFIER = esprit.ChickyTests;
				PRODUCT_NAME = "$(TARGET_NAME)";
				SWIFT_EMIT_LOC_STRINGS = NO;
				SWIFT_VERSION = 5.0;
				TARGETED_DEVICE_FAMILY = "1,2";
				TEST_HOST = "$(BUILT_PRODUCTS_DIR)/Chicky.app/Chicky";
			};
			name = Debug;
		};
		431677F3273920FE0062EA9D /* Release */ = {
			isa = XCBuildConfiguration;
			baseConfigurationReference = FE48B188ABF177D1F30620C8 /* Pods-ChickyTests.release.xcconfig */;
			buildSettings = {
				ALWAYS_EMBED_SWIFT_STANDARD_LIBRARIES = YES;
				BUNDLE_LOADER = "$(TEST_HOST)";
				CODE_SIGN_STYLE = Automatic;
				CURRENT_PROJECT_VERSION = 1;
				DEVELOPMENT_TEAM = 8SLYY22AVG;
				GENERATE_INFOPLIST_FILE = YES;
				IPHONEOS_DEPLOYMENT_TARGET = 15.0;
				LD_RUNPATH_SEARCH_PATHS = (
					"$(inherited)",
					"@executable_path/Frameworks",
					"@loader_path/Frameworks",
				);
				MARKETING_VERSION = 1.0;
				PRODUCT_BUNDLE_IDENTIFIER = esprit.ChickyTests;
				PRODUCT_NAME = "$(TARGET_NAME)";
				SWIFT_EMIT_LOC_STRINGS = NO;
				SWIFT_VERSION = 5.0;
				TARGETED_DEVICE_FAMILY = "1,2";
				TEST_HOST = "$(BUILT_PRODUCTS_DIR)/Chicky.app/Chicky";
			};
			name = Release;
		};
		431677F5273920FE0062EA9D /* Debug */ = {
			isa = XCBuildConfiguration;
			baseConfigurationReference = CDD42EF90213BFF3B3E39E54 /* Pods-Chicky-ChickyUITests.debug.xcconfig */;
			buildSettings = {
				ALWAYS_EMBED_SWIFT_STANDARD_LIBRARIES = YES;
				CODE_SIGN_STYLE = Automatic;
				CURRENT_PROJECT_VERSION = 1;
				DEVELOPMENT_TEAM = 8SLYY22AVG;
				GENERATE_INFOPLIST_FILE = YES;
				LD_RUNPATH_SEARCH_PATHS = (
					"$(inherited)",
					"@executable_path/Frameworks",
					"@loader_path/Frameworks",
				);
				MARKETING_VERSION = 1.0;
				PRODUCT_BUNDLE_IDENTIFIER = esprit.ChickyUITests;
				PRODUCT_NAME = "$(TARGET_NAME)";
				SWIFT_EMIT_LOC_STRINGS = NO;
				SWIFT_VERSION = 5.0;
				TARGETED_DEVICE_FAMILY = "1,2";
				TEST_TARGET_NAME = Chicky;
			};
			name = Debug;
		};
		431677F6273920FE0062EA9D /* Release */ = {
			isa = XCBuildConfiguration;
			baseConfigurationReference = 08543B5114949029C22825E9 /* Pods-Chicky-ChickyUITests.release.xcconfig */;
			buildSettings = {
				ALWAYS_EMBED_SWIFT_STANDARD_LIBRARIES = YES;
				CODE_SIGN_STYLE = Automatic;
				CURRENT_PROJECT_VERSION = 1;
				DEVELOPMENT_TEAM = 8SLYY22AVG;
				GENERATE_INFOPLIST_FILE = YES;
				LD_RUNPATH_SEARCH_PATHS = (
					"$(inherited)",
					"@executable_path/Frameworks",
					"@loader_path/Frameworks",
				);
				MARKETING_VERSION = 1.0;
				PRODUCT_BUNDLE_IDENTIFIER = esprit.ChickyUITests;
				PRODUCT_NAME = "$(TARGET_NAME)";
				SWIFT_EMIT_LOC_STRINGS = NO;
				SWIFT_VERSION = 5.0;
				TARGETED_DEVICE_FAMILY = "1,2";
				TEST_TARGET_NAME = Chicky;
			};
			name = Release;
		};
/* End XCBuildConfiguration section */

/* Begin XCConfigurationList section */
		431677BC273920FD0062EA9D /* Build configuration list for PBXProject "Chicky" */ = {
			isa = XCConfigurationList;
			buildConfigurations = (
				431677EC273920FE0062EA9D /* Debug */,
				431677ED273920FE0062EA9D /* Release */,
			);
			defaultConfigurationIsVisible = 0;
			defaultConfigurationName = Release;
		};
		431677EE273920FE0062EA9D /* Build configuration list for PBXNativeTarget "Chicky" */ = {
			isa = XCConfigurationList;
			buildConfigurations = (
				431677EF273920FE0062EA9D /* Debug */,
				431677F0273920FE0062EA9D /* Release */,
			);
			defaultConfigurationIsVisible = 0;
			defaultConfigurationName = Release;
		};
		431677F1273920FE0062EA9D /* Build configuration list for PBXNativeTarget "ChickyTests" */ = {
			isa = XCConfigurationList;
			buildConfigurations = (
				431677F2273920FE0062EA9D /* Debug */,
				431677F3273920FE0062EA9D /* Release */,
			);
			defaultConfigurationIsVisible = 0;
			defaultConfigurationName = Release;
		};
		431677F4273920FE0062EA9D /* Build configuration list for PBXNativeTarget "ChickyUITests" */ = {
			isa = XCConfigurationList;
			buildConfigurations = (
				431677F5273920FE0062EA9D /* Debug */,
				431677F6273920FE0062EA9D /* Release */,
			);
			defaultConfigurationIsVisible = 0;
			defaultConfigurationName = Release;
		};
/* End XCConfigurationList section */

/* Begin XCVersionGroup section */
		431677CD273920FD0062EA9D /* Chicky.xcdatamodeld */ = {
			isa = XCVersionGroup;
			children = (
				431677CE273920FD0062EA9D /* Chicky.xcdatamodel */,
			);
			currentVersion = 431677CE273920FD0062EA9D /* Chicky.xcdatamodel */;
			path = Chicky.xcdatamodeld;
			sourceTree = "<group>";
			versionGroupType = wrapper.xcdatamodel;
		};
/* End XCVersionGroup section */
	};
	rootObject = 431677B9273920FD0062EA9D /* Project object */;
}
